# THIS IS AN AUTOGENERATED FILE. DO NOT EDIT THIS FILE DIRECTLY.
# yarn lockfile v1


"@vue/composition-api@^0.5.4":
  version "0.6.7"
  resolved "https://registry.yarnpkg.com/@vue/composition-api/-/composition-api-0.6.7.tgz#4481b547cea65dc936432f7efcf1a39f9c69420c"
  integrity sha512-WAWEQK4urEsMNe3OyOp7VnMmegRZT2yRB3fDGLRXPMdfuo4+nM+uMEhUgDiUg9LFSXfLWhjwuFOJ2hnS2X7AUw==
  dependencies:
    tslib "^2.0.0"

swrv@~0.5.2:
  version "0.5.2"
  resolved "https://registry.yarnpkg.com/swrv/-/swrv-0.5.2.tgz#b58b7b0509ec25cfc37faee32a3f514ebfd73b98"
  integrity sha512-vlnp2NZ2UE11jpzdfb7f/XmaOafQy2lOySgT44fsi2KnHM+XCl8oxTtKoYlMUivcqANbSedwj8jPNhYBOPx1Rw==

tslib@^2.0.0:
  version "2.0.0"
  resolved "https://registry.yarnpkg.com/tslib/-/tslib-2.0.0.tgz#18d13fc2dce04051e20f074cc8387fd8089ce4f3"
  integrity sha512-lTqkx847PI7xEDYJntxZH89L2/aXInsyF2luSafe/+0fHOMjlBNXdH6th7f70qxLDhul7KZK0zC8V5ZIyHl0/g==
